
Microsoft Visual Studio Solution File, Format Version 12.00
# Visual Studio Version 16
VisualStudioVersion = 16.0.31005.135
MinimumVisualStudioVersion = 10.0.40219.1
Project("{FAE04EC0-301F-11D3-BF4B-00C04F79EFBC}") = "Contact Agenda.Android", "Contact Agenda.Android\Contact Agenda.Android.csproj", "{38643017-B0AA-4961-B75A-A3504E840A06}"
EndProject
Project("{FAE04EC0-301F-11D3-BF4B-00C04F79EFBC}") = "Contact Agenda.iOS", "Contact Agenda.iOS\Contact Agenda.iOS.csproj", "{932D86F3-49F9-4167-8901-E2846146EF5A}"
EndProject
Project("{FAE04EC0-301F-11D3-BF4B-00C04F79EFBC}") = "Contacts Agenda", "Contact Agenda\Contacts Agenda.csproj", "{00455A8C-7852-4179-B075-09A7DEC56925}"
EndProject
Global
	GlobalSection(SolutionConfigurationPlatforms) = preSolution
		Debug|Any CPU = Debug|Any CPU
		Debug|iPhone = Debug|iPhone
		Debug|iPhoneSimulator = Debug|iPhoneSimulator
		Release|Any CPU = Release|Any CPU
		Release|iPhone = Release|iPhone
		Release|iPhoneSimulator = Release|iPhoneSimulator
	EndGlobalSection
	GlobalSection(ProjectConfigurationPlatforms) = postSolution
		{38643017-B0AA-4961-B75A-A3504E840A06}.Debug|Any CPU.ActiveCfg = Debug|Any CPU
		{38643017-B0AA-4961-B75A-A3504E840A06}.Debug|Any CPU.Build.0 = Debug|Any CPU
		{38643017-B0AA-4961-B75A-A3504E840A06}.Debug|Any CPU.Deploy.0 = Debug|Any CPU
		{38643017-B0AA-4961-B75A-A3504E840A06}.Debug|iPhone.ActiveCfg = Debug|Any CPU
		{38643017-B0AA-4961-B75A-A3504E840A06}.Debug|iPhone.Build.0 = Debug|Any CPU
		{38643017-B0AA-4961-B75A-A3504E840A06}.Debug|iPhone.Deploy.0 = Debug|Any CPU
		{38643017-B0AA-4961-B75A-A3504E840A06}.Debug|iPhoneSimulator.ActiveCfg = Debug|Any CPU
		{38643017-B0AA-4961-B75A-A3504E840A06}.Debug|iPhoneSimulator.Build.0 = Debug|Any CPU
		{38643017-B0AA-4961-B75A-A3504E840A06}.Debug|iPhoneSimulator.Deploy.0 = Debug|Any CPU
		{38643017-B0AA-4961-B75A-A3504E840A06}.Release|Any CPU.ActiveCfg = Release|Any CPU
		{38643017-B0AA-4961-B75A-A3504E840A06}.Release|Any CPU.Build.0 = Release|Any CPU
		{38643017-B0AA-4961-B75A-A3504E840A06}.Release|Any CPU.Deploy.0 = Release|Any CPU
		{38643017-B0AA-4961-B75A-A3504E840A06}.Release|iPhone.ActiveCfg = Release|Any CPU
		{38643017-B0AA-4961-B75A-A3504E840A06}.Release|iPhone.Build.0 = Release|Any CPU
		{38643017-B0AA-4961-B75A-A3504E840A06}.Release|iPhone.Deploy.0 = Release|Any CPU
		{38643017-B0AA-4961-B75A-A3504E840A06}.Release|iPhoneSimulator.ActiveCfg = Release|Any CPU
		{38643017-B0AA-4961-B75A-A3504E840A06}.Release|iPhoneSimulator.Build.0 = Release|Any CPU
		{38643017-B0AA-4961-B75A-A3504E840A06}.Release|iPhoneSimulator.Deploy.0 = Release|Any CPU
		{932D86F3-49F9-4167-8901-E2846146EF5A}.Debug|Any CPU.ActiveCfg = Debug|iPhone
		{932D86F3-49F9-4167-8901-E2846146EF5A}.Debug|Any CPU.Build.0 = Debug|iPhone
		{932D86F3-49F9-4167-8901-E2846146EF5A}.Debug|Any CPU.Deploy.0 = Debug|iPhone
		{932D86F3-49F9-4167-8901-E2846146EF5A}.Debug|iPhone.ActiveCfg = Debug|iPhone
		{932D86F3-49F9-4167-8901-E2846146EF5A}.Debug|iPhone.Build.0 = Debug|iPhone
		{932D86F3-49F9-4167-8901-E2846146EF5A}.Debug|iPhone.Deploy.0 = Debug|iPhone
		{932D86F3-49F9-4167-8901-E2846146EF5A}.Debug|iPhoneSimulator.ActiveCfg = Debug|iPhoneSimulator
		{932D86F3-49F9-4167-8901-E2846146EF5A}.Debug|iPhoneSimulator.Build.0 = Debug|iPhoneSimulator
		{932D86F3-49F9-4167-8901-E2846146EF5A}.Debug|iPhoneSimulator.Deploy.0 = Debug|iPhoneSimulator
		{932D86F3-49F9-4167-8901-E2846146EF5A}.Release|Any CPU.ActiveCfg = Release|iPhoneSimulator
		{932D86F3-49F9-4167-8901-E2846146EF5A}.Release|Any CPU.Build.0 = Release|iPhoneSimulator
		{932D86F3-49F9-4167-8901-E2846146EF5A}.Release|Any CPU.Deploy.0 = Release|iPhoneSimulator
		{932D86F3-49F9-4167-8901-E2846146EF5A}.Release|iPhone.ActiveCfg = Release|iPhone
		{932D86F3-49F9-4167-8901-E2846146EF5A}.Release|iPhone.Build.0 = Release|iPhone
		{932D86F3-49F9-4167-8901-E2846146EF5A}.Release|iPhone.Deploy.0 = Release|iPhone
		{932D86F3-49F9-4167-8901-E2846146EF5A}.Release|iPhoneSimulator.ActiveCfg = Release|iPhoneSimulator
		{932D86F3-49F9-4167-8901-E2846146EF5A}.Release|iPhoneSimulator.Build.0 = Release|iPhoneSimulator
		{932D86F3-49F9-4167-8901-E2846146EF5A}.Release|iPhoneSimulator.Deploy.0 = Release|iPhoneSimulator
		{00455A8C-7852-4179-B075-09A7DEC56925}.Debug|Any CPU.ActiveCfg = Debug|Any CPU
		{00455A8C-7852-4179-B075-09A7DEC56925}.Debug|Any CPU.Build.0 = Debug|Any CPU
		{00455A8C-7852-4179-B075-09A7DEC56925}.Debug|Any CPU.Deploy.0 = Debug|Any CPU
		{00455A8C-7852-4179-B075-09A7DEC56925}.Debug|iPhone.ActiveCfg = Debug|Any CPU
		{00455A8C-7852-4179-B075-09A7DEC56925}.Debug|iPhone.Build.0 = Debug|Any CPU
		{00455A8C-7852-4179-B075-09A7DEC56925}.Debug|iPhone.Deploy.0 = Debug|Any CPU
		{00455A8C-7852-4179-B075-09A7DEC56925}.Debug|iPhoneSimulator.ActiveCfg = Debug|Any CPU
		{00455A8C-7852-4179-B075-09A7DEC56925}.Debug|iPhoneSimulator.Build.0 = Debug|Any CPU
		{00455A8C-7852-4179-B075-09A7DEC56925}.Debug|iPhoneSimulator.Deploy.0 = Debug|Any CPU
		{00455A8C-7852-4179-B075-09A7DEC56925}.Release|Any CPU.ActiveCfg = Release|Any CPU
		{00455A8C-7852-4179-B075-09A7DEC56925}.Release|Any CPU.Build.0 = Release|Any CPU
		{00455A8C-7852-4179-B075-09A7DEC56925}.Release|Any CPU.Deploy.0 = Release|Any CPU
		{00455A8C-7852-4179-B075-09A7DEC56925}.Release|iPhone.ActiveCfg = Release|Any CPU
		{00455A8C-7852-4179-B075-09A7DEC56925}.Release|iPhone.Build.0 = Release|Any CPU
		{00455A8C-7852-4179-B075-09A7DEC56925}.Release|iPhone.Deploy.0 = Release|Any CPU
		{00455A8C-7852-4179-B075-09A7DEC56925}.Release|iPhoneSimulator.ActiveCfg = Release|Any CPU
		{00455A8C-7852-4179-B075-09A7DEC56925}.Release|iPhoneSimulator.Build.0 = Release|Any CPU
		{00455A8C-7852-4179-B075-09A7DEC56925}.Release|iPhoneSimulator.Deploy.0 = Release|Any CPU
	EndGlobalSection
	GlobalSection(SolutionProperties) = preSolution
		HideSolutionNode = FALSE
	EndGlobalSection
	GlobalSection(ExtensibilityGlobals) = postSolution
		SolutionGuid = {C83165AF-694C-4DFE-8984-19E6192E3BD2}
	EndGlobalSection
EndGlobal
